{
    "_meta": {
        "hash": {
            "sha256": "2eaa2e4f9908e9e229ced5412a2c9592f3d21370f5e36367792228879c72c341"
        },
        "pipfile-spec": 6,
        "requires": {
            "python_version": "3.7"
        },
        "sources": [
            {
                "name": "pypi",
                "url": "https://pypi.org/simple",
                "verify_ssl": true
            }
        ]
    },
    "default": {
        "amqp": {
            "hashes": [
                "sha256:70cdb10628468ff14e57ec2f751c7aa9e48e7e3651cfd62d431213c0c4e58f21",
                "sha256:aa7f313fb887c91f15474c1229907a04dac0b8135822d6603437803424c0aa59"
            ],
            "markers": "python_version >= '2.7' and python_version not in '3.0, 3.1, 3.2, 3.3, 3.4'",
            "version": "==2.6.1"
        },
        "asgiref": {
            "hashes": [
                "sha256:2f8abc20f7248433085eda803936d98992f1343ddb022065779f37c5da0181d0",
                "sha256:88d59c13d634dcffe0510be048210188edd79aeccb6a6c9028cdad6f31d730a9"
            ],
            "markers": "python_version >= '3.7'",
            "version": "==3.5.0"
        },
        "billiard": {
            "hashes": [
                "sha256:299de5a8da28a783d51b197d496bef4f1595dd023a93a4f59dde1886ae905547",
                "sha256:87103ea78fa6ab4d5c751c4909bcff74617d985de7fa8b672cf8618afd5a875b"
            ],
            "version": "==3.6.4.0"
        },
        "celery": {
            "hashes": [
                "sha256:c3f4173f83ceb5a5c986c5fdaefb9456de3b0729a72a5776e46bd405fda7b647",
                "sha256:d1762d6065522879f341c3d67c2b9fe4615eb79756d59acb1434601d4aca474b"
            ],
            "index": "pypi",
            "version": "==4.4.5"
        },
        "cffi": {
            "hashes": [
                "sha256:00c878c90cb53ccfaae6b8bc18ad05d2036553e6d9d1d9dbcf323bbe83854ca3",
                "sha256:0104fb5ae2391d46a4cb082abdd5c69ea4eab79d8d44eaaf79f1b1fd806ee4c2",
                "sha256:06c48159c1abed75c2e721b1715c379fa3200c7784271b3c46df01383b593636",
                "sha256:0808014eb713677ec1292301ea4c81ad277b6cdf2fdd90fd540af98c0b101d20",
                "sha256:10dffb601ccfb65262a27233ac273d552ddc4d8ae1bf93b21c94b8511bffe728",
                "sha256:14cd121ea63ecdae71efa69c15c5543a4b5fbcd0bbe2aad864baca0063cecf27",
                "sha256:17771976e82e9f94976180f76468546834d22a7cc404b17c22df2a2c81db0c66",
                "sha256:181dee03b1170ff1969489acf1c26533710231c58f95534e3edac87fff06c443",
                "sha256:23cfe892bd5dd8941608f93348c0737e369e51c100d03718f108bf1add7bd6d0",
                "sha256:263cc3d821c4ab2213cbe8cd8b355a7f72a8324577dc865ef98487c1aeee2bc7",
                "sha256:2756c88cbb94231c7a147402476be2c4df2f6078099a6f4a480d239a8817ae39",
                "sha256:27c219baf94952ae9d50ec19651a687b826792055353d07648a5695413e0c605",
                "sha256:2a23af14f408d53d5e6cd4e3d9a24ff9e05906ad574822a10563efcef137979a",
                "sha256:31fb708d9d7c3f49a60f04cf5b119aeefe5644daba1cd2a0fe389b674fd1de37",
                "sha256:3415c89f9204ee60cd09b235810be700e993e343a408693e80ce7f6a40108029",
                "sha256:3773c4d81e6e818df2efbc7dd77325ca0dcb688116050fb2b3011218eda36139",
                "sha256:3b96a311ac60a3f6be21d2572e46ce67f09abcf4d09344c49274eb9e0bf345fc",
                "sha256:3f7d084648d77af029acb79a0ff49a0ad7e9d09057a9bf46596dac9514dc07df",
                "sha256:41d45de54cd277a7878919867c0f08b0cf817605e4eb94093e7516505d3c8d14",
                "sha256:4238e6dab5d6a8ba812de994bbb0a79bddbdf80994e4ce802b6f6f3142fcc880",
                "sha256:45db3a33139e9c8f7c09234b5784a5e33d31fd6907800b316decad50af323ff2",
                "sha256:45e8636704eacc432a206ac7345a5d3d2c62d95a507ec70d62f23cd91770482a",
                "sha256:4958391dbd6249d7ad855b9ca88fae690783a6be9e86df65865058ed81fc860e",
                "sha256:4a306fa632e8f0928956a41fa8e1d6243c71e7eb59ffbd165fc0b41e316b2474",
                "sha256:57e9ac9ccc3101fac9d6014fba037473e4358ef4e89f8e181f8951a2c0162024",
                "sha256:59888172256cac5629e60e72e86598027aca6bf01fa2465bdb676d37636573e8",
                "sha256:5e069f72d497312b24fcc02073d70cb989045d1c91cbd53979366077959933e0",
                "sha256:64d4ec9f448dfe041705426000cc13e34e6e5bb13736e9fd62e34a0b0c41566e",
                "sha256:6dc2737a3674b3e344847c8686cf29e500584ccad76204efea14f451d4cc669a",
                "sha256:74fdfdbfdc48d3f47148976f49fab3251e550a8720bebc99bf1483f5bfb5db3e",
                "sha256:75e4024375654472cc27e91cbe9eaa08567f7fbdf822638be2814ce059f58032",
                "sha256:786902fb9ba7433aae840e0ed609f45c7bcd4e225ebb9c753aa39725bb3e6ad6",
                "sha256:8b6c2ea03845c9f501ed1313e78de148cd3f6cad741a75d43a29b43da27f2e1e",
                "sha256:91d77d2a782be4274da750752bb1650a97bfd8f291022b379bb8e01c66b4e96b",
                "sha256:91ec59c33514b7c7559a6acda53bbfe1b283949c34fe7440bcf917f96ac0723e",
                "sha256:920f0d66a896c2d99f0adbb391f990a84091179542c205fa53ce5787aff87954",
                "sha256:a5263e363c27b653a90078143adb3d076c1a748ec9ecc78ea2fb916f9b861962",
                "sha256:abb9a20a72ac4e0fdb50dae135ba5e77880518e742077ced47eb1499e29a443c",
                "sha256:c2051981a968d7de9dd2d7b87bcb9c939c74a34626a6e2f8181455dd49ed69e4",
                "sha256:c21c9e3896c23007803a875460fb786118f0cdd4434359577ea25eb556e34c55",
                "sha256:c2502a1a03b6312837279c8c1bd3ebedf6c12c4228ddbad40912d671ccc8a962",
                "sha256:d4d692a89c5cf08a8557fdeb329b82e7bf609aadfaed6c0d79f5a449a3c7c023",
                "sha256:da5db4e883f1ce37f55c667e5c0de439df76ac4cb55964655906306918e7363c",
                "sha256:e7022a66d9b55e93e1a845d8c9eba2a1bebd4966cd8bfc25d9cd07d515b33fa6",
                "sha256:ef1f279350da2c586a69d32fc8733092fd32cc8ac95139a00377841f59a3f8d8",
                "sha256:f54a64f8b0c8ff0b64d18aa76675262e1700f3995182267998c31ae974fbc382",
                "sha256:f5c7150ad32ba43a07c4479f40241756145a1f03b43480e058cfd862bf5041c7",
                "sha256:f6f824dc3bce0edab5f427efcfb1d63ee75b6fcb7282900ccaf925be84efb0fc",
                "sha256:fd8a250edc26254fe5b33be00402e6d287f562b6a5b2152dec302fa15bb3e997",
                "sha256:ffaa5c925128e29efbde7301d8ecaf35c8c60ffbcd6a1ffd3a552177c8e5e796"
            ],
            "markers": "platform_python_implementation == 'CPython' and sys_platform == 'win32'",
            "version": "==1.15.0"
        },
        "django": {
            "hashes": [
                "sha256:045be31d68dfed684831e39ab1d9e77a595f1a393935cb43b6c5451d2e78c8a4",
                "sha256:ccf6c208424c0e1b0eaffd36efe12618a9ab4d0037e26f6ffceaa5277af985d7"
            ],
            "index": "pypi",
            "version": "==3.1b1"
        },
        "django-crispy-forms": {
            "hashes": [
                "sha256:ad943285508f0ed0e271d00399b9399c22b8795a4f969029bce0fd29522a8e2d",
                "sha256:fbe9c2c9698b6590afe37940cb08194d1e722015f6bc5bee83f679362406ea30"
            ],
            "index": "pypi",
            "version": "==1.9.1"
        },
        "django-recaptcha": {
            "hashes": [
                "sha256:1aed69fd6ac8fd9e99e52665392ae6748f8b6339ace656fad779fe0c6c915a52",
                "sha256:253197051288923cae675d7eff91b619e3775311292a5dbaf27a8a55ffebc670"
            ],
            "version": "==3.0.0"
        },
        "future": {
            "hashes": [
                "sha256:b1bead90b70cf6ec3f0710ae53a525360fa360d306a86583adc6bf83a4db537d"
            ],
            "markers": "python_version >= '2.6' and python_version not in '3.0, 3.1, 3.2, 3.3'",
            "version": "==0.18.2"
        },
        "gevent": {
            "hashes": [
                "sha256:0b16dd85eddaf6acdad373ce90ed4da09ef466cbc5e0ee5932d13f099929e844",
                "sha256:0f3fbb1703b10609856e5dffb0e358bf5edf57e52dc7cd7226e3f8674fdc0a0f",
                "sha256:13c74d6784ef5ada2666abf2bb310d27a1d14291f7cac46148f336b19f714d40",
                "sha256:1ea0d34cb78cdf37870be3bfb9330ebda89197bed9e048c14f4a90dec19a33e0",
                "sha256:354f932c284fa45826b32f42927d892096cce05671b50b3ff59528230217ad47",
                "sha256:3cb2f6978615d52e4e4e667b035c11a7272bb68b14d119faf1b138164b2f354f",
                "sha256:67776cb33b638a3c61a0351d9d1e8f33a46b47de619e249de1159892f9ff035c",
                "sha256:68764aca061bbbbade43727e797f9c28042f6d90cca5fb6514ef726d43ab00ca",
                "sha256:6c864b5604166ac8351e3128a1135b883b9e978fd24afbd75a249dcb42bc8ab5",
                "sha256:73eb4cf3114fbb5dd801bd0b93941adfa2fa6d99e91976c20a121ea14b8b39b9",
                "sha256:76ef4c6e3332e6f7278142d791b28695adfce39735900fccef2a0f1d894f6b36",
                "sha256:78bd94f6f2ac366155169df3507068f6381f2ad77625633189ce183f86a57597",
                "sha256:7d8408854ce892f987305a0e9bf5c051f4ea29453665454396d6afb620c719b6",
                "sha256:9527087984f1659be899b3300d5d61c7c5b01d8beae106aff5160316da8bc56f",
                "sha256:a18d8dd9bfa994a22f30adfa0563d80f0809140045c34f85535f422813d25855",
                "sha256:a23c2abf08e851c988723f6a2996d495f513a2c0dc70f9956af03af8debdb5d1",
                "sha256:a47556cac07e31b3cef8fd701599b3b1365961fe3736471f41807ffa27c5c848",
                "sha256:b03890bbddbae5667f5baad517417056496ff5e92c3c7945b27cc08f55a9fcb2",
                "sha256:b17915b65b49a425115ddc3087484c81b1e47ce38c931d18bb14e453753e4d06",
                "sha256:bef18b8bd3b728240b9bbd699737216b793d6c97b482431f69dcbe328ad73692",
                "sha256:c0f4340e40e0f9dfe93a52a12ddf5b1eeda9bbc89b99bf3b9b23acab0dfae0a4",
                "sha256:d0a67a20ce325f6a2068e0bd9fbf83db8a5f5ced972ed8ac5c20079a7d98c7d1",
                "sha256:d3baff87d935a5eeffb0e4f7cd5ffe258d2430cd62aeee2e5396f85da07df435",
                "sha256:e5ca5ee80a9d9e697c9fc22b4bbce9ad06870f83fc8e7774e5504892ef702476",
                "sha256:ea2e4584950186b71d648bde6af40dae4d4c6f43db25a732ec056b27a7a83afe",
                "sha256:ebb8a545112110e3a6edf905ae1556b0538fc148c743aa7d8cfaebbbc23de31d",
                "sha256:f2a02d9004ccb18edd9eaf6f25da9a7763de41a69754d5e4d872a8cbf8bd0b72",
                "sha256:f41cc8e853ac2252bc58f6feabd74b8aae613e2d19097c5373463122f4dc08f0"
            ],
            "index": "pypi",
            "version": "==20.6.2"
        },
        "greenlet": {
            "hashes": [
                "sha256:004aed447382d80a56ecc354a6d807f305e6c808714ce6ccbca4839c94fae81d",
                "sha256:068d68fad6bd623e29a2d36e74538c9b9d6dc6464931cd27d93da6cfc6a7f242",
                "sha256:06fd4075754009c9817c6b4e1dc0af4616de52757b6ca973a81c3c1aadc28257",
                "sha256:1004cb542451814b12a4f38e835a47734e2b2c683acbf463d5ae76282a3974cf",
                "sha256:10c358633a8b27bfc32d27114ef2ca2ddc9f1f89f1643d1157b85e1fdd695315",
                "sha256:115bc25fefbdc692c4483e9ddb9011ccd0251590ed59dbfff0f4eb7050bf99c4",
                "sha256:1d987a2579336792f73ae6b106c2f087e32afc8573fbf9566f123ac6d8cfb72f",
                "sha256:2128d727fd1e8afba8e68feb2cdcf88c90163b69ddc9707722a3e491c5280720",
                "sha256:230132c241fe284f93f2e7b3969e9b22bbd76ef98cf93e382c945d378907f5a4",
                "sha256:23558f7bd08a663386c032ab8d302d613d2d02ae0c9758ad410bab6035b58d3d",
                "sha256:255d520d3e4a5f16883b182e1a94219fe455ab4f50aaaf534bfd6d64ee728397",
                "sha256:2a6bc19a728f6f643cfc89b876159a1a25a8f7d8700c013d48a73691f80b4550",
                "sha256:379bed346ef8ba0a0e698b3c5975a44d15dd4a5bbff40bbd7fd548b445d5550b",
                "sha256:3b12d0866759db93b0a893b4e50a7d7d1681519d2346c26695bb8bb2c652230e",
                "sha256:40d491944f69e350e1e8b25f6ca49459824ede1678ec0cd4b5541f41edc06614",
                "sha256:471484c7b9d7b7867263051aa81cdeed6e06b455e629a7f05eb91a6cb8bd0836",
                "sha256:488c557080557bc01aabb3e1bda7225c68455b853733a8652857ac0d810dad1b",
                "sha256:49c2e76e7aa81ba889b3c183e2341af3cc6161ee38852085110ae49d5b5d9a40",
                "sha256:52d13ec90236e5935ed6da044e78faa1371d5116cc43fe6d7ca8994dd619ef96",
                "sha256:57898c69a253d81f487787bdd538629fabd671fab8a9e31b041ca30965fd9556",
                "sha256:5d577eef5beb5730ef01ab39983eb852a97c359b7a546809adf70c409f4b2ecc",
                "sha256:6a41987c1474c9158a0c0c96611530a8f299bc547d35bee8add981b8b2534f74",
                "sha256:6ae67b7df8db3626af8e042e9c6949cfa27d1a3bbbfdff29e45b72bb6673a650",
                "sha256:6c42c27e9d12e8a481aff469ffe8dd4ce0484c354a418470960f760f6ae41e7c",
                "sha256:6c4a90c9f6128b4d0905a89930bd325e0491574e5cb453f606bb7094a3197587",
                "sha256:6e64518e5833ac2d9359b6d9bd4df2c0cf441a0f3a4eca9e735fbea99009fa70",
                "sha256:6fd3a270c23c5b42d86a9c7c6b0229f23ee4a7a4cabdaaa1693ad7a0982d13cb",
                "sha256:70db73351e0fcf11a76288c47a0469d9a330bcb2e7618c5eb57432b8caa82403",
                "sha256:771f401692046845626cbdf1dd0f04e999413ede0ee9ad39033fe30b5fa2e845",
                "sha256:7935026ec61b967cbc6b746c0ca75c1651ea118d7fee4d259cff9e6866153374",
                "sha256:7b76b1cac9baac1980210e29145800954e7b42e91ef69c4d695de1cab87ce41f",
                "sha256:7e3f37c11b6699b1a1e0fcc0e88829dba4f2866546381b05ab8b3f4db645a823",
                "sha256:8370fa65ad421484894f559055f951843754153b72b9bca2ebdc5288efe2e3f0",
                "sha256:8ae9c443d44a4e23252632e4d7775f419f992d0df3eff923e23775f5cc551d39",
                "sha256:8b31d85f2781e44f1ffaaf7ea07f484e7d42317c677c355fa77b4a1a4bea7394",
                "sha256:8b450336b27f3b375cadc474c6704838eaa8dd3ca312aac3bb69d92264a8e638",
                "sha256:9ce84357388a76d886febff4e50e321c212ffd3248b590960b2da6e02404a5c9",
                "sha256:a23e986fb0ba8e7407286add41fa0d4207be44e3dce1b04789f4757800eca1cf",
                "sha256:a81610ee00d0da9cd2c8679479b7791149365b6dfb3971b01b22ee29b04787ce",
                "sha256:b4e40444975e5ab0ed3004369209c39a28e084951daaeee4919f164b6b849b14",
                "sha256:b66600de16702b9dfa74bea34524b55183a2183e5fd92f20fe6c2fcae550a64c",
                "sha256:ba6ee18694d3673796b7a31b7d21254e87e9e43ca5be56f323fd396111255315",
                "sha256:bd03837da28293baa39bdfc3cada69e2f8807f423ae06168aa28d2b32c63a6b6",
                "sha256:bd2192070f88c0778ae1d68a0980fdece3473498c1db37f3794e3454f91e3ecf",
                "sha256:c1f6f1a3cc013012cd1da913c40b13e6d721046a8c8a0ea0cde94069645a75db",
                "sha256:ce10a8e7e067bde3c1fbf494d2b8859db510206030b0b67bc3af90b0eb1887b9",
                "sha256:d31386d208303a5a6cf0819ef9f6db6680bab9e4ca8e48adb3d4b26ead89beb7",
                "sha256:d83b3af53b201970973c5574b39df226746194063bb248a53fd12b470ac34319",
                "sha256:df9657b212c054ac6d803290d7c4bcd7790af0b725984fce1eeb0a1e3f2d9798",
                "sha256:e576e5fd3f129e6b3595dc734ac7f2b8c548f19ef07781194bc538dc9c0cdbbc",
                "sha256:e7400358558094c1bcedc75f3b3c4f400c53130b44833848890a99968dee6a64",
                "sha256:eb6a385f8577d30e4cb43dd555fb134ddaae1edeb84205e09dabec332bf49fd0",
                "sha256:f27f0875e0873f6bf5df09a456bfcac0667824cabac4cad30b43f36e0382ffe7",
                "sha256:fcd4a6d04995f1d66bc78b503e4e59ae72fd32aaec4f661657fe5ae5c1aa4ce3"
            ],
            "markers": "platform_python_implementation == 'CPython'",
            "version": "==2.0.0a2"
        },
        "html5lib": {
            "hashes": [
                "sha256:0d78f8fde1c230e99fe37986a60526d7049ed4bf8a9fadbad5f00e22e58e041d",
                "sha256:b2e5b40261e20f354d198eae92afc10d750afb487ed5e50f9c4eaf07c184146f"
            ],
            "markers": "python_version >= '2.7' and python_version not in '3.0, 3.1, 3.2, 3.3, 3.4'",
            "version": "==1.1"
        },
        "importlib-metadata": {
            "hashes": [
                "sha256:1208431ca90a8cca1a6b8af391bb53c1a2db74e5d1cef6ddced95d4b2062edc6",
                "sha256:ea4c597ebf37142f827b8f39299579e31685c31d3a438b59f469406afd0f2539"
            ],
            "markers": "python_version < '3.8'",
            "version": "==4.11.3"
        },
        "kombu": {
            "hashes": [
                "sha256:be48cdffb54a2194d93ad6533d73f69408486483d189fe9f5990ee24255b0e0a",
                "sha256:ca1b45faac8c0b18493d02a8571792f3c40291cf2bcf1f55afed3d8f3aa7ba74"
            ],
            "markers": "python_version >= '2.7' and python_version not in '3.0, 3.1, 3.2, 3.3, 3.4'",
            "version": "==4.6.11"
        },
        "pillow": {
            "hashes": [
                "sha256:01ce45deec9df310cbbee11104bae1a2a43308dd9c317f99235b6d3080ddd66e",
                "sha256:0c51cb9edac8a5abd069fd0758ac0a8bfe52c261ee0e330f363548aca6893595",
                "sha256:17869489de2fce6c36690a0c721bd3db176194af5f39249c1ac56d0bb0fcc512",
                "sha256:21dee8466b42912335151d24c1665fcf44dc2ee47e021d233a40c3ca5adae59c",
                "sha256:25023a6209a4d7c42154073144608c9a71d3512b648a2f5d4465182cb93d3477",
                "sha256:255c9d69754a4c90b0ee484967fc8818c7ff8311c6dddcc43a4340e10cd1636a",
                "sha256:35be4a9f65441d9982240e6966c1eaa1c654c4e5e931eaf580130409e31804d4",
                "sha256:3f42364485bfdab19c1373b5cd62f7c5ab7cc052e19644862ec8f15bb8af289e",
                "sha256:3fddcdb619ba04491e8f771636583a7cc5a5051cd193ff1aa1ee8616d2a692c5",
                "sha256:463acf531f5d0925ca55904fa668bb3461c3ef6bc779e1d6d8a488092bdee378",
                "sha256:4fe29a070de394e449fd88ebe1624d1e2d7ddeed4c12e0b31624561b58948d9a",
                "sha256:55dd1cf09a1fd7c7b78425967aacae9b0d70125f7d3ab973fadc7b5abc3de652",
                "sha256:5a3ecc026ea0e14d0ad7cd990ea7f48bfcb3eb4271034657dc9d06933c6629a7",
                "sha256:5cfca31ab4c13552a0f354c87fbd7f162a4fafd25e6b521bba93a57fe6a3700a",
                "sha256:66822d01e82506a19407d1afc104c3fcea3b81d5eb11485e593ad6b8492f995a",
                "sha256:69e5ddc609230d4408277af135c5b5c8fe7a54b2bdb8ad7c5100b86b3aab04c6",
                "sha256:6b6d4050b208c8ff886fd3db6690bf04f9a48749d78b41b7a5bf24c236ab0165",
                "sha256:7a053bd4d65a3294b153bdd7724dce864a1d548416a5ef61f6d03bf149205160",
                "sha256:82283af99c1c3a5ba1da44c67296d5aad19f11c535b551a5ae55328a317ce331",
                "sha256:8782189c796eff29dbb37dd87afa4ad4d40fc90b2742704f94812851b725964b",
                "sha256:8d79c6f468215d1a8415aa53d9868a6b40c4682165b8cb62a221b1baa47db458",
                "sha256:97bda660702a856c2c9e12ec26fc6d187631ddfd896ff685814ab21ef0597033",
                "sha256:a325ac71914c5c043fa50441b36606e64a10cd262de12f7a179620f579752ff8",
                "sha256:a336a4f74baf67e26f3acc4d61c913e378e931817cd1e2ef4dfb79d3e051b481",
                "sha256:a598d8830f6ef5501002ae85c7dbfcd9c27cc4efc02a1989369303ba85573e58",
                "sha256:a5eaf3b42df2bcda61c53a742ee2c6e63f777d0e085bbc6b2ab7ed57deb13db7",
                "sha256:aea7ce61328e15943d7b9eaca87e81f7c62ff90f669116f857262e9da4057ba3",
                "sha256:af79d3fde1fc2e33561166d62e3b63f0cc3e47b5a3a2e5fea40d4917754734ea",
                "sha256:c24f718f9dd73bb2b31a6201e6db5ea4a61fdd1d1c200f43ee585fc6dcd21b34",
                "sha256:c5b0ff59785d93b3437c3703e3c64c178aabada51dea2a7f2c5eccf1bcf565a3",
                "sha256:c7110ec1701b0bf8df569a7592a196c9d07c764a0a74f65471ea56816f10e2c8",
                "sha256:c870193cce4b76713a2b29be5d8327c8ccbe0d4a49bc22968aa1e680930f5581",
                "sha256:c9efef876c21788366ea1f50ecb39d5d6f65febe25ad1d4c0b8dff98843ac244",
                "sha256:de344bcf6e2463bb25179d74d6e7989e375f906bcec8cb86edb8b12acbc7dfef",
                "sha256:eb1b89b11256b5b6cad5e7593f9061ac4624f7651f7a8eb4dfa37caa1dfaa4d0",
                "sha256:ed742214068efa95e9844c2d9129e209ed63f61baa4d54dbf4cf8b5e2d30ccf2",
                "sha256:f401ed2bbb155e1ade150ccc63db1a4f6c1909d3d378f7d1235a44e90d75fb97",
                "sha256:fb89397013cf302f282f0fc998bb7abf11d49dcff72c8ecb320f76ea6e2c5717"
            ],
            "markers": "python_version >= '3.7'",
            "version": "==9.1.0"
        },
        "pycparser": {
            "hashes": [
                "sha256:8ee45429555515e1f6b185e78100aea234072576aa43ab53aefcae078162fca9",
                "sha256:e644fdec12f7872f86c58ff790da456218b10f863970249516d60a5eaca77206"
            ],
            "version": "==2.21"
        },
        "pypdf2": {
            "hashes": [
                "sha256:7c18c1d48e56547b1c33f772dc15d6adbd1f4020b62e64bb4a0bc0ee2ab94511",
                "sha256:9c81fc06be50fbf2e6199e8c2eac05f3eaafae4b3905ecca41200f5b02ac43d7"
            ],
            "index": "pypi",
            "version": "==1.27.5"
        },
        "pytz": {
            "hashes": [
                "sha256:1e760e2fe6a8163bc0b3d9a19c4f84342afa0a2affebfaa84b01b978a02ecaa7",
                "sha256:e68985985296d9a66a881eb3193b0906246245294a881e7c8afe623866ac6a5c"
            ],
            "version": "==2022.1"
        },
        "rabbitmq": {
            "hashes": [
                "sha256:74cfbc0f365019a8f318cd1ad9b1f85682768568fa3816740df37509a6dfbc2d"
            ],
            "index": "pypi",
            "version": "==0.2.0"
        },
        "reportlab": {
            "hashes": [
                "sha256:09b2ca175129a34292399fc4c6a8b1739f6c5946368fcaa6f931d69385b2f720",
                "sha256:0a7f2b7232c3ffb451b649d55c51a6dd0c8104ad7bbcfe355addf7619705e7fa",
                "sha256:0e767cf4507ca8eed7dde8511f0889b0f19f160a2bdf9ef07742b2aaeceed9f2",
                "sha256:10681d89a0ca37bb4036283fb8c0efac9ac1b22265dbdf350bda0448be33e00c",
                "sha256:15294435f786968bcdf1a7a67bcc23a136470b6ea26919497f5c76ff0f653041",
                "sha256:193671445b4885128d8800d3e416eb2fa4fd89bafae08cc9889c0752fe5ad8c2",
                "sha256:1967dbc9930917d75c39784712a137d432dbc2e5ca9e132a2453319c2619ccff",
                "sha256:1ec84055cf2c83783958b74eadf0e577eb0cd9088c8b5d536e9ddc0f4a9f8c70",
                "sha256:23f5aed2d212096f2fe95d56f868d63f839a08bf7e389237e644d93981274222",
                "sha256:32a5c5cd9625a40feec956f460355b4813bc3187c4f8dc9efd9f1a7f8f854e34",
                "sha256:37dda88dbe16dd3f4f9039464637cce66e462c0b95e5763dbd45ac5799136d3a",
                "sha256:496f42840604255ce06777bc129048b3bab966213bbac4f07fbe4ceb6a2e0482",
                "sha256:4ba8eebfa4383e4680d6e7e6dba9c45c1fe19bbc0a754db4d84823f1a9511e56",
                "sha256:4fbe23ac870adf90544d2014c572dba6ec4d772afad6505bb91f171ddad12839",
                "sha256:50f8e30f5410efc69b0217261b1f21912888da392a4549e79c7aaaac85f01bfa",
                "sha256:5d0cc3682456ad213150f6dbffe7d47eab737d809e517c316103376be548fb84",
                "sha256:6a114761ad3ba6e0cdfacf14a8fb2cb8f5713b115ca1f0c17f3cd638d0a5b4bd",
                "sha256:713574da534b6ce73d884f1574c35a565e438af4888fcc75e752f1de02e356a7",
                "sha256:8cb82b6d14ad4bd915acacc8f114c6a7bab8b9b1503cabb930e433ebd320f90c",
                "sha256:90f74627cafecf3924741ab8b0690a19df4214eb56b1cfce2dc74a15c9744034",
                "sha256:92a6613af9877e3ad2a1c5a16a122514a4f9f8d9b91b1f22e7fa0fa796617b36",
                "sha256:a441afdfe31870b964bccde042d7172ed3c0077f519bbf3ed7d9d34c406b6b91",
                "sha256:ab1ffe4ec7be99ad348791116d436610afdc7a9a02a968997f31eaa62eaadad8",
                "sha256:b2c2fd861f10b2cd49ccf29a31da9ad5c3b95aa437804e4fd0351ed4eb695f74",
                "sha256:bbaab798991863952c593c0459dcb82e0aade837675593310e13cba2ce7fb45a",
                "sha256:c9a5f63bc381c0f945402ef4c1bccc74a8eed28f6be6596704b1db7d82ec89fe",
                "sha256:cb21666fc9edec9716553bfcfe0c30d1bbbe2731910a96f07ec65652974e5f83",
                "sha256:ce3a3aad287c8532f62223f5720b5504e31abe3dce52a27bd2a25f508c0d846e",
                "sha256:cebd0b28a0e875a9ce789514700f80659269ecf2a8fcef0aa10b8ae52b40474a",
                "sha256:d1bf9455aff37beb421a4447d89d6dd77bb46f677c0bab4eb0272cdb79faad2f",
                "sha256:d927bf802bf53c1b5a3878a22e9be310900877984e7c436a3a99bdd19cfec4c3",
                "sha256:de724c78f4eb1363b1195dce85a2a8806e7509b69ac5c842a714d942ea534d63",
                "sha256:e1fc1b1f5d9d1c2e18b5e60602dfa7854b2330ba0efc312ef605abf588abea9c",
                "sha256:e492e87886423192af1fafde23907bcd9d2fdccfc22f67e18aa5c73db3a380a3",
                "sha256:e9b5e9115363545a727d8ebe7e4b94f7cf6f26113261a269d50d88b8db4eb726",
                "sha256:ff0e014a3a3fe286c642ef51213c41684a156b9ed293ef205e8890bc1dbbfdc7"
            ],
            "markers": "python_version >= '3.7' and python_version < '4'",
            "version": "==3.6.9"
        },
        "setuptools": {
            "hashes": [
                "sha256:26ead7d1f93efc0f8c804d9fafafbe4a44b179580a7105754b245155f9af05a8",
                "sha256:47c7b0c0f8fc10eec4cf1e71c6fdadf8decaa74ffa087e68cd1c20db7ad6a592"
            ],
            "markers": "python_version >= '3.7'",
            "version": "==62.1.0"
        },
        "six": {
            "hashes": [
                "sha256:30639c035cdb23534cd4aa2dd52c3bf48f06e5f4a941509c8bafd8ce11080259",
                "sha256:8b74bedcbbbaca38ff6d7491d76f2b06b3592611af620f8426e82dddb04a5ced"
            ],
            "index": "pypi",
            "version": "==1.15.0"
        },
        "sqlparse": {
            "hashes": [
                "sha256:0c00730c74263a94e5a9919ade150dfc3b19c574389985446148402998287dae",
                "sha256:48719e356bb8b42991bdbb1e8b83223757b93789c00910a616a071910ca4a64d"
            ],
            "markers": "python_version >= '3.5'",
            "version": "==0.4.2"
        },
        "typing-extensions": {
            "hashes": [
                "sha256:6657594ee297170d19f67d55c05852a874e7eb634f4f753dbd667855e07c1708",
                "sha256:f1c24655a0da0d1b67f07e17a5e6b2a105894e6824b92096378bb3668ef02376"
            ],
            "markers": "python_version < '3.8'",
            "version": "==4.2.0"
        },
        "vine": {
            "hashes": [
                "sha256:133ee6d7a9016f177ddeaf191c1f58421a1dcc6ee9a42c58b34bed40e1d2cd87",
                "sha256:ea4947cc56d1fd6f2095c8d543ee25dad966f78692528e68b4fada11ba3f98af"
            ],
            "markers": "python_version >= '2.7' and python_version not in '3.0, 3.1, 3.2, 3.3'",
            "version": "==1.3.0"
        },
        "wagtail-django-recaptcha": {
            "hashes": [
                "sha256:fc177e75da966e9db1dfd9a566c40d30567518d9280b5db4fec4d50a8c853154"
            ],
            "index": "pypi",
            "version": "==1.0"
        },
        "webencodings": {
            "hashes": [
                "sha256:a0af1213f3c2226497a97e2b3aa01a7e4bee4f403f95be16fc9acd2947514a78",
                "sha256:b36a1c245f2d304965eb4e0a82848379241dc04b865afcc4aab16748587e1923"
            ],
            "version": "==0.5.1"
        },
        "xhtml2pdf": {
            "hashes": [
                "sha256:6793fbbdcb6bb8a4a70132966d8d95e95ea3498cdf0e82252d2b8e9aae34fcb5"
            ],
            "index": "pypi",
            "version": "==0.2.4"
        },
        "zipp": {
            "hashes": [
                "sha256:56bf8aadb83c24db6c4b577e13de374ccfb67da2078beba1d037c17980bf43ad",
                "sha256:c4f6e5bbf48e74f7a38e7cc5b0480ff42b0ae5178957d564d18932525d5cf099"
            ],
            "markers": "python_version >= '3.7'",
            "version": "==3.8.0"
        },
        "zope.event": {
            "hashes": [
                "sha256:2666401939cdaa5f4e0c08cf7f20c9b21423b95e88f4675b1443973bdb080c42",
                "sha256:5e76517f5b9b119acf37ca8819781db6c16ea433f7e2062c4afc2b6fbedb1330"
            ],
            "version": "==4.5.0"
        },
        "zope.interface": {
            "hashes": [
                "sha256:08f9636e99a9d5410181ba0729e0408d3d8748026ea938f3b970a0249daa8192",
                "sha256:0b465ae0962d49c68aa9733ba92a001b2a0933c317780435f00be7ecb959c702",
                "sha256:0cba8477e300d64a11a9789ed40ee8932b59f9ee05f85276dbb4b59acee5dd09",
                "sha256:0cee5187b60ed26d56eb2960136288ce91bcf61e2a9405660d271d1f122a69a4",
                "sha256:0ea1d73b7c9dcbc5080bb8aaffb776f1c68e807767069b9ccdd06f27a161914a",
                "sha256:0f91b5b948686659a8e28b728ff5e74b1be6bf40cb04704453617e5f1e945ef3",
                "sha256:15e7d1f7a6ee16572e21e3576d2012b2778cbacf75eb4b7400be37455f5ca8bf",
                "sha256:17776ecd3a1fdd2b2cd5373e5ef8b307162f581c693575ec62e7c5399d80794c",
                "sha256:194d0bcb1374ac3e1e023961610dc8f2c78a0f5f634d0c737691e215569e640d",
                "sha256:1c0e316c9add0db48a5b703833881351444398b04111188069a26a61cfb4df78",
                "sha256:205e40ccde0f37496904572035deea747390a8b7dc65146d30b96e2dd1359a83",
                "sha256:273f158fabc5ea33cbc936da0ab3d4ba80ede5351babc4f577d768e057651531",
                "sha256:2876246527c91e101184f63ccd1d716ec9c46519cc5f3d5375a3351c46467c46",
                "sha256:2c98384b254b37ce50eddd55db8d381a5c53b4c10ee66e1e7fe749824f894021",
                "sha256:2e5a26f16503be6c826abca904e45f1a44ff275fdb7e9d1b75c10671c26f8b94",
                "sha256:334701327f37c47fa628fc8b8d28c7d7730ce7daaf4bda1efb741679c2b087fc",
                "sha256:3748fac0d0f6a304e674955ab1365d515993b3a0a865e16a11ec9d86fb307f63",
                "sha256:3c02411a3b62668200910090a0dff17c0b25aaa36145082a5a6adf08fa281e54",
                "sha256:3dd4952748521205697bc2802e4afac5ed4b02909bb799ba1fe239f77fd4e117",
                "sha256:3f24df7124c323fceb53ff6168da70dbfbae1442b4f3da439cd441681f54fe25",
                "sha256:469e2407e0fe9880ac690a3666f03eb4c3c444411a5a5fddfdabc5d184a79f05",
                "sha256:4de4bc9b6d35c5af65b454d3e9bc98c50eb3960d5a3762c9438df57427134b8e",
                "sha256:5208ebd5152e040640518a77827bdfcc73773a15a33d6644015b763b9c9febc1",
                "sha256:52de7fc6c21b419078008f697fd4103dbc763288b1406b4562554bd47514c004",
                "sha256:5bb3489b4558e49ad2c5118137cfeaf59434f9737fa9c5deefc72d22c23822e2",
                "sha256:5dba5f530fec3f0988d83b78cc591b58c0b6eb8431a85edd1569a0539a8a5a0e",
                "sha256:5dd9ca406499444f4c8299f803d4a14edf7890ecc595c8b1c7115c2342cadc5f",
                "sha256:5f931a1c21dfa7a9c573ec1f50a31135ccce84e32507c54e1ea404894c5eb96f",
                "sha256:63b82bb63de7c821428d513607e84c6d97d58afd1fe2eb645030bdc185440120",
                "sha256:66c0061c91b3b9cf542131148ef7ecbecb2690d48d1612ec386de9d36766058f",
                "sha256:6f0c02cbb9691b7c91d5009108f975f8ffeab5dff8f26d62e21c493060eff2a1",
                "sha256:71aace0c42d53abe6fc7f726c5d3b60d90f3c5c055a447950ad6ea9cec2e37d9",
                "sha256:7d97a4306898b05404a0dcdc32d9709b7d8832c0c542b861d9a826301719794e",
                "sha256:7df1e1c05304f26faa49fa752a8c690126cf98b40b91d54e6e9cc3b7d6ffe8b7",
                "sha256:8270252effc60b9642b423189a2fe90eb6b59e87cbee54549db3f5562ff8d1b8",
                "sha256:867a5ad16892bf20e6c4ea2aab1971f45645ff3102ad29bd84c86027fa99997b",
                "sha256:877473e675fdcc113c138813a5dd440da0769a2d81f4d86614e5d62b69497155",
                "sha256:8892f89999ffd992208754851e5a052f6b5db70a1e3f7d54b17c5211e37a98c7",
                "sha256:9a9845c4c6bb56e508651f005c4aeb0404e518c6f000d5a1123ab077ab769f5c",
                "sha256:a1e6e96217a0f72e2b8629e271e1b280c6fa3fe6e59fa8f6701bec14e3354325",
                "sha256:a8156e6a7f5e2a0ff0c5b21d6bcb45145efece1909efcbbbf48c56f8da68221d",
                "sha256:a9506a7e80bcf6eacfff7f804c0ad5350c8c95b9010e4356a4b36f5322f09abb",
                "sha256:af310ec8335016b5e52cae60cda4a4f2a60a788cbb949a4fbea13d441aa5a09e",
                "sha256:b0297b1e05fd128d26cc2460c810d42e205d16d76799526dfa8c8ccd50e74959",
                "sha256:bf68f4b2b6683e52bec69273562df15af352e5ed25d1b6641e7efddc5951d1a7",
                "sha256:d0c1bc2fa9a7285719e5678584f6b92572a5b639d0e471bb8d4b650a1a910920",
                "sha256:d4d9d6c1a455d4babd320203b918ccc7fcbefe308615c521062bc2ba1aa4d26e",
                "sha256:db1fa631737dab9fa0b37f3979d8d2631e348c3b4e8325d6873c2541d0ae5a48",
                "sha256:dd93ea5c0c7f3e25335ab7d22a507b1dc43976e1345508f845efc573d3d779d8",
                "sha256:f44e517131a98f7a76696a7b21b164bcb85291cee106a23beccce454e1f433a4",
                "sha256:f7ee479e96f7ee350db1cf24afa5685a5899e2b34992fb99e1f7c1b0b758d263"
            ],
            "markers": "python_version >= '2.7' and python_version not in '3.0, 3.1, 3.2, 3.3, 3.4'",
            "version": "==5.4.0"
        }
    },
    "develop": {}
}
